
Microsoft Visual Studio Solution File, Format Version 12.00
# Visual Studio Version 17
VisualStudioVersion = 17.11.35312.102
MinimumVisualStudioVersion = 10.0.40219.1
Project("{2150E333-8FDC-42A3-9474-1A3956D46DE8}") = "server", "server", "{BD609140-6144-41DF-A26B-A571E04B8DF8}"
EndProject
Project("{2150E333-8FDC-42A3-9474-1A3956D46DE8}") = "client", "client", "{AA61B168-68C7-4F3F-8E5F-72AD0E90C311}"
EndProject
Project("{FAE04EC0-301F-11D3-BF4B-00C04F79EFBC}") = "EmployeeManagement.server", "EmployeeManagement.server\EmployeeManagement.server.csproj", "{82A62A4C-538E-4D55-A990-9CADAC1E8F91}"
EndProject
Project("{FAE04EC0-301F-11D3-BF4B-00C04F79EFBC}") = "EmployeeManagement.client", "EmployeeManagement.client\EmployeeManagement.client.csproj", "{B3EDF75E-805F-4C26-A230-38BA311737FB}"
EndProject
Project("{2150E333-8FDC-42A3-9474-1A3956D46DE8}") = "base", "base", "{A5E9C2FA-17A6-4C59-BFD7-53734248970E}"
EndProject
Project("{FAE04EC0-301F-11D3-BF4B-00C04F79EFBC}") = "EmployeeManagement.clientlibrary", "EmployeeManagement.clientlibrary\EmployeeManagement.clientlibrary.csproj", "{1109291B-9E39-44FD-886A-29F286029F14}"
EndProject
Project("{FAE04EC0-301F-11D3-BF4B-00C04F79EFBC}") = "EmployeeManagement.serverlibrary", "EmployeeManagement.serverlibrary\EmployeeManagement.serverlibrary.csproj", "{1A45C884-82B9-4C06-A85D-D7E672C4BA04}"
EndProject
Global
	GlobalSection(SolutionConfigurationPlatforms) = preSolution
		Debug|Any CPU = Debug|Any CPU
		Release|Any CPU = Release|Any CPU
	EndGlobalSection
	GlobalSection(ProjectConfigurationPlatforms) = postSolution
		{82A62A4C-538E-4D55-A990-9CADAC1E8F91}.Debug|Any CPU.ActiveCfg = Debug|Any CPU
		{82A62A4C-538E-4D55-A990-9CADAC1E8F91}.Debug|Any CPU.Build.0 = Debug|Any CPU
		{82A62A4C-538E-4D55-A990-9CADAC1E8F91}.Release|Any CPU.ActiveCfg = Release|Any CPU
		{82A62A4C-538E-4D55-A990-9CADAC1E8F91}.Release|Any CPU.Build.0 = Release|Any CPU
		{B3EDF75E-805F-4C26-A230-38BA311737FB}.Debug|Any CPU.ActiveCfg = Debug|Any CPU
		{B3EDF75E-805F-4C26-A230-38BA311737FB}.Debug|Any CPU.Build.0 = Debug|Any CPU
		{B3EDF75E-805F-4C26-A230-38BA311737FB}.Release|Any CPU.ActiveCfg = Release|Any CPU
		{B3EDF75E-805F-4C26-A230-38BA311737FB}.Release|Any CPU.Build.0 = Release|Any CPU
		{1109291B-9E39-44FD-886A-29F286029F14}.Debug|Any CPU.ActiveCfg = Debug|Any CPU
		{1109291B-9E39-44FD-886A-29F286029F14}.Debug|Any CPU.Build.0 = Debug|Any CPU
		{1109291B-9E39-44FD-886A-29F286029F14}.Release|Any CPU.ActiveCfg = Release|Any CPU
		{1109291B-9E39-44FD-886A-29F286029F14}.Release|Any CPU.Build.0 = Release|Any CPU
		{1A45C884-82B9-4C06-A85D-D7E672C4BA04}.Debug|Any CPU.ActiveCfg = Debug|Any CPU
		{1A45C884-82B9-4C06-A85D-D7E672C4BA04}.Debug|Any CPU.Build.0 = Debug|Any CPU
		{1A45C884-82B9-4C06-A85D-D7E672C4BA04}.Release|Any CPU.ActiveCfg = Release|Any CPU
		{1A45C884-82B9-4C06-A85D-D7E672C4BA04}.Release|Any CPU.Build.0 = Release|Any CPU
	EndGlobalSection
	GlobalSection(SolutionProperties) = preSolution
		HideSolutionNode = FALSE
	EndGlobalSection
	GlobalSection(NestedProjects) = preSolution
		{82A62A4C-538E-4D55-A990-9CADAC1E8F91} = {BD609140-6144-41DF-A26B-A571E04B8DF8}
		{B3EDF75E-805F-4C26-A230-38BA311737FB} = {AA61B168-68C7-4F3F-8E5F-72AD0E90C311}
		{1109291B-9E39-44FD-886A-29F286029F14} = {AA61B168-68C7-4F3F-8E5F-72AD0E90C311}
		{1A45C884-82B9-4C06-A85D-D7E672C4BA04} = {BD609140-6144-41DF-A26B-A571E04B8DF8}
	EndGlobalSection
	GlobalSection(ExtensibilityGlobals) = postSolution
		SolutionGuid = {C49FBF0E-C05E-44C9-B4AD-9061DBBD93DA}
	EndGlobalSection
EndGlobal
